// !$*UTF8*$!
{
	archiveVersion = 1;
	classes = {
	};
	objectVersion = 46;
	objects = {

/* Begin PBXBuildFile section */
		E403D7B11C62078500AA98FB /* secondVC.swift in Sources */ = {isa = PBXBuildFile; fileRef = E403D7B01C62078500AA98FB /* secondVC.swift */; };
		E42D19731C58DA1C0056870B /* AppDelegate.swift in Sources */ = {isa = PBXBuildFile; fileRef = E42D19721C58DA1C0056870B /* AppDelegate.swift */; };
		E42D19751C58DA1C0056870B /* ViewController.swift in Sources */ = {isa = PBXBuildFile; fileRef = E42D19741C58DA1C0056870B /* ViewController.swift */; };
		E42D19781C58DA1C0056870B /* Main.storyboard in Resources */ = {isa = PBXBuildFile; fileRef = E42D19761C58DA1C0056870B /* Main.storyboard */; };
		E42D197B1C58DA1C0056870B /* mySampleProject.xcdatamodeld in Sources */ = {isa = PBXBuildFile; fileRef = E42D19791C58DA1C0056870B /* mySampleProject.xcdatamodeld */; };
		E42D197D1C58DA1C0056870B /* Assets.xcassets in Resources */ = {isa = PBXBuildFile; fileRef = E42D197C1C58DA1C0056870B /* Assets.xcassets */; };
		E42D19801C58DA1C0056870B /* LaunchScreen.storyboard in Resources */ = {isa = PBXBuildFile; fileRef = E42D197E1C58DA1C0056870B /* LaunchScreen.storyboard */; };
		E42D198B1C58DA1D0056870B /* mySampleProjectTests.swift in Sources */ = {isa = PBXBuildFile; fileRef = E42D198A1C58DA1D0056870B /* mySampleProjectTests.swift */; };
/* End PBXBuildFile section */

/* Begin PBXContainerItemProxy section */
		E42D19871C58DA1D0056870B /* PBXContainerItemProxy */ = {
			isa = PBXContainerItemProxy;
			containerPortal = E42D19671C58DA1C0056870B /* Project object */;
			proxyType = 1;
			remoteGlobalIDString = E42D196E1C58DA1C0056870B;
			remoteInfo = mySampleProject;
		};
/* End PBXContainerItemProxy section */

/* Begin PBXFileReference section */
		E403D7B01C62078500AA98FB /* secondVC.swift */ = {isa = PBXFileReference; fileEncoding = 4; lastKnownFileType = sourcecode.swift; path = secondVC.swift; sourceTree = "<group>"; };
		E42D196F1C58DA1C0056870B /* mySampleProject.app */ = {isa = PBXFileReference; explicitFileType = wrapper.application; includeInIndex = 0; path = mySampleProject.app; sourceTree = BUILT_PRODUCTS_DIR; };
		E42D19721C58DA1C0056870B /* AppDelegate.swift */ = {isa = PBXFileReference; lastKnownFileType = sourcecode.swift; path = AppDelegate.swift; sourceTree = "<group>"; };
		E42D19741C58DA1C0056870B /* ViewController.swift */ = {isa = PBXFileReference; lastKnownFileType = sourcecode.swift; path = ViewController.swift; sourceTree = "<group>"; };
		E42D19771C58DA1C0056870B /* Base */ = {isa = PBXFileReference; lastKnownFileType = file.storyboard; name = Base; path = Base.lproj/Main.storyboard; sourceTree = "<group>"; };
		E42D197A1C58DA1C0056870B /* mySampleProject.xcdatamodel */ = {isa = PBXFileReference; lastKnownFileType = wrapper.xcdatamodel; path = mySampleProject.xcdatamodel; sourceTree = "<group>"; };
		E42D197C1C58DA1C0056870B /* Assets.xcassets */ = {isa = PBXFileReference; lastKnownFileType = folder.assetcatalog; path = Assets.xcassets; sourceTree = "<group>"; };
		E42D197F1C58DA1C0056870B /* Base */ = {isa = PBXFileReference; lastKnownFileType = file.storyboard; name = Base; path = Base.lproj/LaunchScreen.storyboard; sourceTree = "<group>"; };
		E42D19811C58DA1C0056870B /* Info.plist */ = {isa = PBXFileReference; lastKnownFileType = text.plist.xml; path = Info.plist; sourceTree = "<group>"; };
		E42D19861C58DA1D0056870B /* mySampleProjectTests.xctest */ = {isa = PBXFileReference; explicitFileType = wrapper.cfbundle; includeInIndex = 0; path = mySampleProjectTests.xctest; sourceTree = BUILT_PRODUCTS_DIR; };
		E42D198A1C58DA1D0056870B /* mySampleProjectTests.swift */ = {isa = PBXFileReference; lastKnownFileType = sourcecode.swift; path = mySampleProjectTests.swift; sourceTree = "<group>"; };
		E42D198C1C58DA1D0056870B /* Info.plist */ = {isa = PBXFileReference; lastKnownFileType = text.plist.xml; path = Info.plist; sourceTree = "<group>"; };
/* End PBXFileReference section */

/* Begin PBXFrameworksBuildPhase section */
		E42D196C1C58DA1C0056870B /* Frameworks */ = {
			isa = PBXFrameworksBuildPhase;
			buildActionMask = 2147483647;
			files = (
			);
			runOnlyForDeploymentPostprocessing = 0;
		};
		E42D19831C58DA1D0056870B /* Frameworks */ = {
			isa = PBXFrameworksBuildPhase;
			buildActionMask = 2147483647;
			files = (
			);
			runOnlyForDeploymentPostprocessing = 0;
		};
/* End PBXFrameworksBuildPhase section */

/* Begin PBXGroup section */
		E42D19661C58DA1C0056870B = {
			isa = PBXGroup;
			children = (
				E42D19711C58DA1C0056870B /* mySampleProject */,
				E42D19891C58DA1D0056870B /* mySampleProjectTests */,
				E42D19701C58DA1C0056870B /* Products */,
			);
			sourceTree = "<group>";
		};
		E42D19701C58DA1C0056870B /* Products */ = {
			isa = PBXGroup;
			children = (
				E42D196F1C58DA1C0056870B /* mySampleProject.app */,
				E42D19861C58DA1D0056870B /* mySampleProjectTests.xctest */,
			);
			name = Products;
			sourceTree = "<group>";
		};
		E42D19711C58DA1C0056870B /* mySampleProject */ = {
			isa = PBXGroup;
			children = (
				E403D7B01C62078500AA98FB /* secondVC.swift */,
				E42D19721C58DA1C0056870B /* AppDelegate.swift */,
				E42D19741C58DA1C0056870B /* ViewController.swift */,
				E42D19761C58DA1C0056870B /* Main.storyboard */,
				E42D197C1C58DA1C0056870B /* Assets.xcassets */,
				E42D197E1C58DA1C0056870B /* LaunchScreen.storyboard */,
				E42D19811C58DA1C0056870B /* Info.plist */,
				E42D19791C58DA1C0056870B /* mySampleProject.xcdatamodeld */,
			);
			path = mySampleProject;
			sourceTree = "<group>";
		};
		E42D19891C58DA1D0056870B /* mySampleProjectTests */ = {
			isa = PBXGroup;
			children = (
				E42D198A1C58DA1D0056870B /* mySampleProjectTests.swift */,
				E42D198C1C58DA1D0056870B /* Info.plist */,
			);
			path = mySampleProjectTests;
			sourceTree = "<group>";
		};
/* End PBXGroup section */

/* Begin PBXNativeTarget section */
		E42D196E1C58DA1C0056870B /* mySampleProject */ = {
			isa = PBXNativeTarget;
			buildConfigurationList = E42D198F1C58DA1D0056870B /* Build configuration list for PBXNativeTarget "mySampleProject" */;
			buildPhases = (
				E42D196B1C58DA1C0056870B /* Sources */,
				E42D196C1C58DA1C0056870B /* Frameworks */,
				E42D196D1C58DA1C0056870B /* Resources */,
			);
			buildRules = (
			);
			dependencies = (
			);
			name = mySampleProject;
			productName = mySampleProject;
			productReference = E42D196F1C58DA1C0056870B /* mySampleProject.app */;
			productType = "com.apple.product-type.application";
		};
		E42D19851C58DA1D0056870B /* mySampleProjectTests */ = {
			isa = PBXNativeTarget;
			buildConfigurationList = E42D19921C58DA1D0056870B /* Build configuration list for PBXNativeTarget "mySampleProjectTests" */;
			buildPhases = (
				E42D19821C58DA1D0056870B /* Sources */,
				E42D19831C58DA1D0056870B /* Frameworks */,
				E42D19841C58DA1D0056870B /* Resources */,
			);
			buildRules = (
			);
			dependencies = (
				E42D19881C58DA1D0056870B /* PBXTargetDependency */,
			);
			name = mySampleProjectTests;
			productName = mySampleProjectTests;
			productReference = E42D19861C58DA1D0056870B /* mySampleProjectTests.xctest */;
			productType = "com.apple.product-type.bundle.unit-test";
		};
/* End PBXNativeTarget section */

/* Begin PBXProject section */
		E42D19671C58DA1C0056870B /* Project object */ = {
			isa = PBXProject;
			attributes = {
				LastSwiftUpdateCheck = 0710;
				LastUpgradeCheck = 0710;
				ORGANIZATIONNAME = com.e2infosystems;
				TargetAttributes = {
					E42D196E1C58DA1C0056870B = {
						CreatedOnToolsVersion = 7.1;
					};
					E42D19851C58DA1D0056870B = {
						CreatedOnToolsVersion = 7.1;
						TestTargetID = E42D196E1C58DA1C0056870B;
					};
				};
			};
			buildConfigurationList = E42D196A1C58DA1C0056870B /* Build configuration list for PBXProject "mySampleProject" */;
			compatibilityVersion = "Xcode 3.2";
			developmentRegion = English;
			hasScannedForEncodings = 0;
			knownRegions = (
				en,
				Base,
			);
			mainGroup = E42D19661C58DA1C0056870B;
			productRefGroup = E42D19701C58DA1C0056870B /* Products */;
			projectDirPath = "";
			projectRoot = "";
			targets = (
				E42D196E1C58DA1C0056870B /* mySampleProject */,
				E42D19851C58DA1D0056870B /* mySampleProjectTests */,
			);
		};
/* End PBXProject section */

/* Begin PBXResourcesBuildPhase section */
		E42D196D1C58DA1C0056870B /* Resources */ = {
			isa = PBXResourcesBuildPhase;
			buildActionMask = 2147483647;
			files = (
				E42D19801C58DA1C0056870B /* LaunchScreen.storyboard in Resources */,
				E42D197D1C58DA1C0056870B /* Assets.xcassets in Resources */,
				E42D19781C58DA1C0056870B /* Main.storyboard in Resources */,
			);
			runOnlyForDeploymentPostprocessing = 0;
		};
		E42D19841C58DA1D0056870B /* Resources */ = {
			isa = PBXResourcesBuildPhase;
			buildActionMask = 2147483647;
			files = (
			);
			runOnlyForDeploymentPostprocessing = 0;
		};
/* End PBXResourcesBuildPhase section */

/* Begin PBXSourcesBuildPhase section */
		E42D196B1C58DA1C0056870B /* Sources */ = {
			isa = PBXSourcesBuildPhase;
			buildActionMask = 2147483647;
			files = (
				E42D19751C58DA1C0056870B /* ViewController.swift in Sources */,
				E42D197B1C58DA1C0056870B /* mySampleProject.xcdatamodeld in Sources */,
				E403D7B11C62078500AA98FB /* secondVC.swift in Sources */,
				E42D19731C58DA1C0056870B /* AppDelegate.swift in Sources */,
			);
			runOnlyForDeploymentPostprocessing = 0;
		};
		E42D19821C58DA1D0056870B /* Sources */ = {
			isa = PBXSourcesBuildPhase;
			buildActionMask = 2147483647;
			files = (
				E42D198B1C58DA1D0056870B /* mySampleProjectTests.swift in Sources */,
			);
			runOnlyForDeploymentPostprocessing = 0;
		};
/* End PBXSourcesBuildPhase section */

/* Begin PBXTargetDependency section */
		E42D19881C58DA1D0056870B /* PBXTargetDependency */ = {
			isa = PBXTargetDependency;
			target = E42D196E1C58DA1C0056870B /* mySampleProject */;
			targetProxy = E42D19871C58DA1D0056870B /* PBXContainerItemProxy */;
		};
/* End PBXTargetDependency section */

/* Begin PBXVariantGroup section */
		E42D19761C58DA1C0056870B /* Main.storyboard */ = {
			isa = PBXVariantGroup;
			children = (
				E42D19771C58DA1C0056870B /* Base */,
			);
			name = Main.storyboard;
			sourceTree = "<group>";
		};
		E42D197E1C58DA1C0056870B /* LaunchScreen.storyboard */ = {
			isa = PBXVariantGroup;
			children = (
				E42D197F1C58DA1C0056870B /* Base */,
			);
			name = LaunchScreen.storyboard;
			sourceTree = "<group>";
		};
/* End PBXVariantGroup section */

/* Begin XCBuildConfiguration section */
		E42D198D1C58DA1D0056870B /* Debug */ = {
			isa = XCBuildConfiguration;
			buildSettings = {
				ALWAYS_SEARCH_USER_PATHS = NO;
				CLANG_CXX_LANGUAGE_STANDARD = "gnu++0x";
				CLANG_CXX_LIBRARY = "libc++";
				CLANG_ENABLE_MODULES = YES;
				CLANG_ENABLE_OBJC_ARC = YES;
				CLANG_WARN_BOOL_CONVERSION = YES;
				CLANG_WARN_CONSTANT_CONVERSION = YES;
				CLANG_WARN_DIRECT_OBJC_ISA_USAGE = YES_ERROR;
				CLANG_WARN_EMPTY_BODY = YES;
				CLANG_WARN_ENUM_CONVERSION = YES;
				CLANG_WARN_INT_CONVERSION = YES;
				CLANG_WARN_OBJC_ROOT_CLASS = YES_ERROR;
				CLANG_WARN_UNREACHABLE_CODE = YES;
				CLANG_WARN__DUPLICATE_METHOD_MATCH = YES;
				"CODE_SIGN_IDENTITY[sdk=iphoneos*]" = "iPhone Developer";
				COPY_PHASE_STRIP = NO;
				DEBUG_INFORMATION_FORMAT = dwarf;
				ENABLE_STRICT_OBJC_MSGSEND = YES;
				ENABLE_TESTABILITY = YES;
				GCC_C_LANGUAGE_STANDARD = gnu99;
				GCC_DYNAMIC_NO_PIC = NO;
				GCC_NO_COMMON_BLOCKS = YES;
				GCC_OPTIMIZATION_LEVEL = 0;
				GCC_PREPROCESSOR_DEFINITIONS = (
					"DEBUG=1",
					"$(inherited)",
				);
				GCC_WARN_64_TO_32_BIT_CONVERSION = YES;
				GCC_WARN_ABOUT_RETURN_TYPE = YES_ERROR;
				GCC_WARN_UNDECLARED_SELECTOR = YES;
				GCC_WARN_UNINITIALIZED_AUTOS = YES_AGGRESSIVE;
				GCC_WARN_UNUSED_FUNCTION = YES;
				GCC_WARN_UNUSED_VARIABLE = YES;
				IPHONEOS_DEPLOYMENT_TARGET = 9.1;
				MTL_ENABLE_DEBUG_INFO = YES;
				ONLY_ACTIVE_ARCH = YES;
				SDKROOT = iphoneos;
				SWIFT_OPTIMIZATION_LEVEL = "-Onone";
				TARGETED_DEVICE_FAMILY = "1,2";
			};
			name = Debug;
		};
		E42D198E1C58DA1D0056870B /* Release */ = {
			isa = XCBuildConfiguration;
			buildSettings = {
				ALWAYS_SEARCH_USER_PATHS = NO;
				CLANG_CXX_LANGUAGE_STANDARD = "gnu++0x";
				CLANG_CXX_LIBRARY = "libc++";
				CLANG_ENABLE_MODULES = YES;
				CLANG_ENABLE_OBJC_ARC = YES;
				CLANG_WARN_BOOL_CONVERSION = YES;
				CLANG_WARN_CONSTANT_CONVERSION = YES;
				CLANG_WARN_DIRECT_OBJC_ISA_USAGE = YES_ERROR;
				CLANG_WARN_EMPTY_BODY = YES;
				CLANG_WARN_ENUM_CONVERSION = YES;
				CLANG_WARN_INT_CONVERSION = YES;
				CLANG_WARN_OBJC_ROOT_CLASS = YES_ERROR;
				CLANG_WARN_UNREACHABLE_CODE = YES;
				CLANG_WARN__DUPLICATE_METHOD_MATCH = YES;
				"CODE_SIGN_IDENTITY[sdk=iphoneos*]" = "iPhone Developer";
				COPY_PHASE_STRIP = NO;
				DEBUG_INFORMATION_FORMAT = "dwarf-with-dsym";
				ENABLE_NS_ASSERTIONS = NO;
				ENABLE_STRICT_OBJC_MSGSEND = YES;
				GCC_C_LANGUAGE_STANDARD = gnu99;
				GCC_NO_COMMON_BLOCKS = YES;
				GCC_WARN_64_TO_32_BIT_CONVERSION = YES;
				GCC_WARN_ABOUT_RETURN_TYPE = YES_ERROR;
				GCC_WARN_UNDECLARED_SELECTOR = YES;
				GCC_WARN_UNINITIALIZED_AUTOS = YES_AGGRESSIVE;
				GCC_WARN_UNUSED_FUNCTION = YES;
				GCC_WARN_UNUSED_VARIABLE = YES;
				IPHONEOS_DEPLOYMENT_TARGET = 9.1;
				MTL_ENABLE_DEBUG_INFO = NO;
				SDKROOT = iphoneos;
				TARGETED_DEVICE_FAMILY = "1,2";
				VALIDATE_PRODUCT = YES;
			};
			name = Release;
		};
		E42D19901C58DA1D0056870B /* Debug */ = {
			isa = XCBuildConfiguration;
			buildSettings = {
				ASSETCATALOG_COMPILER_APPICON_NAME = AppIcon;
				INFOPLIST_FILE = mySampleProject/Info.plist;
				IPHONEOS_DEPLOYMENT_TARGET = 8.0;
				LD_RUNPATH_SEARCH_PATHS = "$(inherited) @executable_path/Frameworks";
				PRODUCT_BUNDLE_IDENTIFIER = com.e2infosystems.mySampleProject;
				PRODUCT_NAME = "$(TARGET_NAME)";
			};
			name = Debug;
		};
		E42D19911C58DA1D0056870B /* Release */ = {
			isa = XCBuildConfiguration;
			buildSettings = {
				ASSETCATALOG_COMPILER_APPICON_NAME = AppIcon;
				INFOPLIST_FILE = mySampleProject/Info.plist;
				IPHONEOS_DEPLOYMENT_TARGET = 8.0;
				LD_RUNPATH_SEARCH_PATHS = "$(inherited) @executable_path/Frameworks";
				PRODUCT_BUNDLE_IDENTIFIER = com.e2infosystems.mySampleProject;
				PRODUCT_NAME = "$(TARGET_NAME)";
			};
			name = Release;
		};
		E42D19931C58DA1D0056870B /* Debug */ = {
			isa = XCBuildConfiguration;
			buildSettings = {
				BUNDLE_LOADER = "$(TEST_HOST)";
				INFOPLIST_FILE = mySampleProjectTests/Info.plist;
				LD_RUNPATH_SEARCH_PATHS = "$(inherited) @executable_path/Frameworks @loader_path/Frameworks";
				PRODUCT_BUNDLE_IDENTIFIER = com.e2infosystems.mySampleProjectTests;
				PRODUCT_NAME = "$(TARGET_NAME)";
				TEST_HOST = "$(BUILT_PRODUCTS_DIR)/mySampleProject.app/mySampleProject";
			};
			name = Debug;
		};
		E42D19941C58DA1D0056870B /* Release */ = {
			isa = XCBuildConfiguration;
			buildSettings = {
				BUNDLE_LOADER = "$(TEST_HOST)";
				INFOPLIST_FILE = mySampleProjectTests/Info.plist;
				LD_RUNPATH_SEARCH_PATHS = "$(inherited) @executable_path/Frameworks @loader_path/Frameworks";
				PRODUCT_BUNDLE_IDENTIFIER = com.e2infosystems.mySampleProjectTests;
				PRODUCT_NAME = "$(TARGET_NAME)";
				TEST_HOST = "$(BUILT_PRODUCTS_DIR)/mySampleProject.app/mySampleProject";
			};
			name = Release;
		};
/* End XCBuildConfiguration section */

/* Begin XCConfigurationList section */
		E42D196A1C58DA1C0056870B /* Build configuration list for PBXProject "mySampleProject" */ = {
			isa = XCConfigurationList;
			buildConfigurations = (
				E42D198D1C58DA1D0056870B /* Debug */,
				E42D198E1C58DA1D0056870B /* Release */,
			);
			defaultConfigurationIsVisible = 0;
			defaultConfigurationName = Release;
		};
		E42D198F1C58DA1D0056870B /* Build configuration list for PBXNativeTarget "mySampleProject" */ = {
			isa = XCConfigurationList;
			buildConfigurations = (
				E42D19901C58DA1D0056870B /* Debug */,
				E42D19911C58DA1D0056870B /* Release */,
			);
			defaultConfigurationIsVisible = 0;
			defaultConfigurationName = Release;
		};
		E42D19921C58DA1D0056870B /* Build configuration list for PBXNativeTarget "mySampleProjectTests" */ = {
			isa = XCConfigurationList;
			buildConfigurations = (
				E42D19931C58DA1D0056870B /* Debug */,
				E42D19941C58DA1D0056870B /* Release */,
			);
			defaultConfigurationIsVisible = 0;
			defaultConfigurationName = Release;
		};
/* End XCConfigurationList section */

/* Begin XCVersionGroup section */
		E42D19791C58DA1C0056870B /* mySampleProject.xcdatamodeld */ = {
			isa = XCVersionGroup;
			children = (
				E42D197A1C58DA1C0056870B /* mySampleProject.xcdatamodel */,
			);
			currentVersion = E42D197A1C58DA1C0056870B /* mySampleProject.xcdatamodel */;
			path = mySampleProject.xcdatamodeld;
			sourceTree = "<group>";
			versionGroupType = wrapper.xcdatamodel;
		};
/* End XCVersionGroup section */
	};
	rootObject = E42D19671C58DA1C0056870B /* Project object */;
}
